// !$*UTF8*$!
{
	archiveVersion = 1;
	classes = {
	};
	objectVersion = 46;
	objects = {

/* Begin PBXBuildFile section */
		614022C1195183B1001D9EDD /* Root.swift in Sources */ = {isa = PBXBuildFile; fileRef = 614022C0195183B1001D9EDD /* Root.swift */; };
		619F13D019517A1B000E0514 /* AppDelegate.swift in Sources */ = {isa = PBXBuildFile; fileRef = 619F13CF19517A1B000E0514 /* AppDelegate.swift */; };
		619F13D219517A1B000E0514 /* Images.xcassets in Resources */ = {isa = PBXBuildFile; fileRef = 619F13D119517A1B000E0514 /* Images.xcassets */; };
		619F13DE19517A1B000E0514 /* swiftDemoTests.swift in Sources */ = {isa = PBXBuildFile; fileRef = 619F13DD19517A1B000E0514 /* swiftDemoTests.swift */; };
/* End PBXBuildFile section */

/* Begin PBXContainerItemProxy section */
		619F13D819517A1B000E0514 /* PBXContainerItemProxy */ = {
			isa = PBXContainerItemProxy;
			containerPortal = 619F13C219517A1B000E0514 /* Project object */;
			proxyType = 1;
			remoteGlobalIDString = 619F13C919517A1B000E0514;
			remoteInfo = swiftDemo;
		};
/* End PBXContainerItemProxy section */

/* Begin PBXFileReference section */
		614022C0195183B1001D9EDD /* Root.swift */ = {isa = PBXFileReference; fileEncoding = 4; lastKnownFileType = sourcecode.swift; path = Root.swift; sourceTree = "<group>"; };
		619F13CA19517A1B000E0514 /* swiftDemo.app */ = {isa = PBXFileReference; explicitFileType = wrapper.application; includeInIndex = 0; path = swiftDemo.app; sourceTree = BUILT_PRODUCTS_DIR; };
		619F13CE19517A1B000E0514 /* Info.plist */ = {isa = PBXFileReference; lastKnownFileType = text.plist.xml; path = Info.plist; sourceTree = "<group>"; };
		619F13CF19517A1B000E0514 /* AppDelegate.swift */ = {isa = PBXFileReference; lastKnownFileType = sourcecode.swift; path = AppDelegate.swift; sourceTree = "<group>"; };
		619F13D119517A1B000E0514 /* Images.xcassets */ = {isa = PBXFileReference; lastKnownFileType = folder.assetcatalog; path = Images.xcassets; sourceTree = "<group>"; };
		619F13D719517A1B000E0514 /* swiftDemoTests.xctest */ = {isa = PBXFileReference; explicitFileType = wrapper.cfbundle; includeInIndex = 0; path = swiftDemoTests.xctest; sourceTree = BUILT_PRODUCTS_DIR; };
		619F13DC19517A1B000E0514 /* Info.plist */ = {isa = PBXFileReference; lastKnownFileType = text.plist.xml; path = Info.plist; sourceTree = "<group>"; };
		619F13DD19517A1B000E0514 /* swiftDemoTests.swift */ = {isa = PBXFileReference; lastKnownFileType = sourcecode.swift; path = swiftDemoTests.swift; sourceTree = "<group>"; };
/* End PBXFileReference section */

/* Begin PBXFrameworksBuildPhase section */
		619F13C719517A1B000E0514 /* Frameworks */ = {
			isa = PBXFrameworksBuildPhase;
			buildActionMask = 2147483647;
			files = (
			);
			runOnlyForDeploymentPostprocessing = 0;
		};
		619F13D419517A1B000E0514 /* Frameworks */ = {
			isa = PBXFrameworksBuildPhase;
			buildActionMask = 2147483647;
			files = (
			);
			runOnlyForDeploymentPostprocessing = 0;
		};
/* End PBXFrameworksBuildPhase section */

/* Begin PBXGroup section */
		619F13C119517A1B000E0514 = {
			isa = PBXGroup;
			children = (
				619F13CC19517A1B000E0514 /* swiftDemo */,
				619F13DA19517A1B000E0514 /* swiftDemoTests */,
				619F13CB19517A1B000E0514 /* Products */,
			);
			sourceTree = "<group>";
		};
		619F13CB19517A1B000E0514 /* Products */ = {
			isa = PBXGroup;
			children = (
				619F13CA19517A1B000E0514 /* swiftDemo.app */,
				619F13D719517A1B000E0514 /* swiftDemoTests.xctest */,
			);
			name = Products;
			sourceTree = "<group>";
		};
		619F13CC19517A1B000E0514 /* swiftDemo */ = {
			isa = PBXGroup;
			children = (
				619F13CF19517A1B000E0514 /* AppDelegate.swift */,
				614022C0195183B1001D9EDD /* Root.swift */,
				619F13D119517A1B000E0514 /* Images.xcassets */,
				619F13CD19517A1B000E0514 /* Supporting Files */,
			);
			path = swiftDemo;
			sourceTree = "<group>";
		};
		619F13CD19517A1B000E0514 /* Supporting Files */ = {
			isa = PBXGroup;
			children = (
				619F13CE19517A1B000E0514 /* Info.plist */,
			);
			name = "Supporting Files";
			sourceTree = "<group>";
		};
		619F13DA19517A1B000E0514 /* swiftDemoTests */ = {
			isa = PBXGroup;
			children = (
				619F13DD19517A1B000E0514 /* swiftDemoTests.swift */,
				619F13DB19517A1B000E0514 /* Supporting Files */,
			);
			path = swiftDemoTests;
			sourceTree = "<group>";
		};
		619F13DB19517A1B000E0514 /* Supporting Files */ = {
			isa = PBXGroup;
			children = (
				619F13DC19517A1B000E0514 /* Info.plist */,
			);
			name = "Supporting Files";
			sourceTree = "<group>";
		};
/* End PBXGroup section */

/* Begin PBXNativeTarget section */
		619F13C919517A1B000E0514 /* swiftDemo */ = {
			isa = PBXNativeTarget;
			buildConfigurationList = 619F13E119517A1B000E0514 /* Build configuration list for PBXNativeTarget "swiftDemo" */;
			buildPhases = (
				619F13C619517A1B000E0514 /* Sources */,
				619F13C719517A1B000E0514 /* Frameworks */,
				619F13C819517A1B000E0514 /* Resources */,
			);
			buildRules = (
			);
			dependencies = (
			);
			name = swiftDemo;
			productName = swiftDemo;
			productReference = 619F13CA19517A1B000E0514 /* swiftDemo.app */;
			productType = "com.apple.product-type.application";
		};
		619F13D619517A1B000E0514 /* swiftDemoTests */ = {
			isa = PBXNativeTarget;
			buildConfigurationList = 619F13E419517A1B000E0514 /* Build configuration list for PBXNativeTarget "swiftDemoTests" */;
			buildPhases = (
				619F13D319517A1B000E0514 /* Sources */,
				619F13D419517A1B000E0514 /* Frameworks */,
				619F13D519517A1B000E0514 /* Resources */,
			);
			buildRules = (
			);
			dependencies = (
				619F13D919517A1B000E0514 /* PBXTargetDependency */,
			);
			name = swiftDemoTests;
			productName = swiftDemoTests;
			productReference = 619F13D719517A1B000E0514 /* swiftDemoTests.xctest */;
			productType = "com.apple.product-type.bundle.unit-test";
		};
/* End PBXNativeTarget section */

/* Begin PBXProject section */
		619F13C219517A1B000E0514 /* Project object */ = {
			isa = PBXProject;
			attributes = {
				LastUpgradeCheck = 0600;
				ORGANIZATIONNAME = jian.zhao;
				TargetAttributes = {
					619F13C919517A1B000E0514 = {
						CreatedOnToolsVersion = 6.0;
					};
					619F13D619517A1B000E0514 = {
						CreatedOnToolsVersion = 6.0;
						TestTargetID = 619F13C919517A1B000E0514;
					};
				};
			};
			buildConfigurationList = 619F13C519517A1B000E0514 /* Build configuration list for PBXProject "swiftDemo" */;
			compatibilityVersion = "Xcode 3.2";
			developmentRegion = English;
			hasScannedForEncodings = 0;
			knownRegions = (
				en,
			);
			mainGroup = 619F13C119517A1B000E0514;
			productRefGroup = 619F13CB19517A1B000E0514 /* Products */;
			projectDirPath = "";
			projectRoot = "";
			targets = (
				619F13C919517A1B000E0514 /* swiftDemo */,
				619F13D619517A1B000E0514 /* swiftDemoTests */,
			);
		};
/* End PBXProject section */

/* Begin PBXResourcesBuildPhase section */
		619F13C819517A1B000E0514 /* Resources */ = {
			isa = PBXResourcesBuildPhase;
			buildActionMask = 2147483647;
			files = (
				619F13D219517A1B000E0514 /* Images.xcassets in Resources */,
			);
			runOnlyForDeploymentPostprocessing = 0;
		};
		619F13D519517A1B000E0514 /* Resources */ = {
			isa = PBXResourcesBuildPhase;
			buildActionMask = 2147483647;
			files = (
			);
			runOnlyForDeploymentPostprocessing = 0;
		};
/* End PBXResourcesBuildPhase section */

/* Begin PBXSourcesBuildPhase section */
		619F13C619517A1B000E0514 /* Sources */ = {
			isa = PBXSourcesBuildPhase;
			buildActionMask = 2147483647;
			files = (
				619F13D019517A1B000E0514 /* AppDelegate.swift in Sources */,
				614022C1195183B1001D9EDD /* Root.swift in Sources */,
			);
			runOnlyForDeploymentPostprocessing = 0;
		};
		619F13D319517A1B000E0514 /* Sources */ = {
			isa = PBXSourcesBuildPhase;
			buildActionMask = 2147483647;
			files = (
				619F13DE19517A1B000E0514 /* swiftDemoTests.swift in Sources */,
			);
			runOnlyForDeploymentPostprocessing = 0;
		};
/* End PBXSourcesBuildPhase section */

/* Begin PBXTargetDependency section */
		619F13D919517A1B000E0514 /* PBXTargetDependency */ = {
			isa = PBXTargetDependency;
			target = 619F13C919517A1B000E0514 /* swiftDemo */;
			targetProxy = 619F13D819517A1B000E0514 /* PBXContainerItemProxy */;
		};
/* End PBXTargetDependency section */

/* Begin XCBuildConfiguration section */
		619F13DF19517A1B000E0514 /* Debug */ = {
			isa = XCBuildConfiguration;
			buildSettings = {
				ALWAYS_SEARCH_USER_PATHS = NO;
				CLANG_CXX_LANGUAGE_STANDARD = "gnu++0x";
				CLANG_CXX_LIBRARY = "libc++";
				CLANG_ENABLE_MODULES = YES;
				CLANG_ENABLE_OBJC_ARC = YES;
				CLANG_WARN_BOOL_CONVERSION = YES;
				CLANG_WARN_CONSTANT_CONVERSION = YES;
				CLANG_WARN_DIRECT_OBJC_ISA_USAGE = YES_ERROR;
				CLANG_WARN_EMPTY_BODY = YES;
				CLANG_WARN_ENUM_CONVERSION = YES;
				CLANG_WARN_INT_CONVERSION = YES;
				CLANG_WARN_OBJC_ROOT_CLASS = YES_ERROR;
				CLANG_WARN_UNREACHABLE_CODE = YES;
				CLANG_WARN__DUPLICATE_METHOD_MATCH = YES;
				"CODE_SIGN_IDENTITY[sdk=iphoneos*]" = "iPhone Developer";
				COPY_PHASE_STRIP = NO;
				ENABLE_STRICT_OBJC_MSGSEND = YES;
				GCC_C_LANGUAGE_STANDARD = gnu99;
				GCC_DYNAMIC_NO_PIC = NO;
				GCC_OPTIMIZATION_LEVEL = 0;
				GCC_PREPROCESSOR_DEFINITIONS = (
					"DEBUG=1",
					"$(inherited)",
				);
				GCC_SYMBOLS_PRIVATE_EXTERN = NO;
				GCC_WARN_64_TO_32_BIT_CONVERSION = YES;
				GCC_WARN_ABOUT_RETURN_TYPE = YES_ERROR;
				GCC_WARN_UNDECLARED_SELECTOR = YES;
				GCC_WARN_UNINITIALIZED_AUTOS = YES_AGGRESSIVE;
				GCC_WARN_UNUSED_FUNCTION = YES;
				GCC_WARN_UNUSED_VARIABLE = YES;
				IPHONEOS_DEPLOYMENT_TARGET = 8.0;
				METAL_ENABLE_DEBUG_INFO = YES;
				ONLY_ACTIVE_ARCH = YES;
				SDKROOT = iphoneos;
				SWIFT_OPTIMIZATION_LEVEL = "-Onone";
			};
			name = Debug;
		};
		619F13E019517A1B000E0514 /* Release */ = {
			isa = XCBuildConfiguration;
			buildSettings = {
				ALWAYS_SEARCH_USER_PATHS = NO;
				CLANG_CXX_LANGUAGE_STANDARD = "gnu++0x";
				CLANG_CXX_LIBRARY = "libc++";
				CLANG_ENABLE_MODULES = YES;
				CLANG_ENABLE_OBJC_ARC = YES;
				CLANG_WARN_BOOL_CONVERSION = YES;
				CLANG_WARN_CONSTANT_CONVERSION = YES;
				CLANG_WARN_DIRECT_OBJC_ISA_USAGE = YES_ERROR;
				CLANG_WARN_EMPTY_BODY = YES;
				CLANG_WARN_ENUM_CONVERSION = YES;
				CLANG_WARN_INT_CONVERSION = YES;
				CLANG_WARN_OBJC_ROOT_CLASS = YES_ERROR;
				CLANG_WARN_UNREACHABLE_CODE = YES;
				CLANG_WARN__DUPLICATE_METHOD_MATCH = YES;
				"CODE_SIGN_IDENTITY[sdk=iphoneos*]" = "iPhone Developer";
				COPY_PHASE_STRIP = YES;
				ENABLE_NS_ASSERTIONS = NO;
				ENABLE_STRICT_OBJC_MSGSEND = YES;
				GCC_C_LANGUAGE_STANDARD = gnu99;
				GCC_WARN_64_TO_32_BIT_CONVERSION = YES;
				GCC_WARN_ABOUT_RETURN_TYPE = YES_ERROR;
				GCC_WARN_UNDECLARED_SELECTOR = YES;
				GCC_WARN_UNINITIALIZED_AUTOS = YES_AGGRESSIVE;
				GCC_WARN_UNUSED_FUNCTION = YES;
				GCC_WARN_UNUSED_VARIABLE = YES;
				IPHONEOS_DEPLOYMENT_TARGET = 8.0;
				METAL_ENABLE_DEBUG_INFO = NO;
				SDKROOT = iphoneos;
				VALIDATE_PRODUCT = YES;
			};
			name = Release;
		};
		619F13E219517A1B000E0514 /* Debug */ = {
			isa = XCBuildConfiguration;
			buildSettings = {
				ASSETCATALOG_COMPILER_APPICON_NAME = AppIcon;
				ASSETCATALOG_COMPILER_LAUNCHIMAGE_NAME = LaunchImage;
				INFOPLIST_FILE = swiftDemo/Info.plist;
				LD_RUNPATH_SEARCH_PATHS = "$(inherited) @executable_path/Frameworks";
				PRODUCT_NAME = "$(TARGET_NAME)";
			};
			name = Debug;
		};
		619F13E319517A1B000E0514 /* Release */ = {
			isa = XCBuildConfiguration;
			buildSettings = {
				ASSETCATALOG_COMPILER_APPICON_NAME = AppIcon;
				ASSETCATALOG_COMPILER_LAUNCHIMAGE_NAME = LaunchImage;
				INFOPLIST_FILE = swiftDemo/Info.plist;
				LD_RUNPATH_SEARCH_PATHS = "$(inherited) @executable_path/Frameworks";
				PRODUCT_NAME = "$(TARGET_NAME)";
			};
			name = Release;
		};
		619F13E519517A1B000E0514 /* Debug */ = {
			isa = XCBuildConfiguration;
			buildSettings = {
				BUNDLE_LOADER = "$(BUILT_PRODUCTS_DIR)/swiftDemo.app/swiftDemo";
				FRAMEWORK_SEARCH_PATHS = (
					"$(SDKROOT)/Developer/Library/Frameworks",
					"$(inherited)",
				);
				GCC_PREPROCESSOR_DEFINITIONS = (
					"DEBUG=1",
					"$(inherited)",
				);
				INFOPLIST_FILE = swiftDemoTests/Info.plist;
				LD_RUNPATH_SEARCH_PATHS = "$(inherited) @executable_path/Frameworks @loader_path/Frameworks";
				METAL_ENABLE_DEBUG_INFO = YES;
				PRODUCT_NAME = "$(TARGET_NAME)";
				TEST_HOST = "$(BUNDLE_LOADER)";
			};
			name = Debug;
		};
		619F13E619517A1B000E0514 /* Release */ = {
			isa = XCBuildConfiguration;
			buildSettings = {
				BUNDLE_LOADER = "$(BUILT_PRODUCTS_DIR)/swiftDemo.app/swiftDemo";
				FRAMEWORK_SEARCH_PATHS = (
					"$(SDKROOT)/Developer/Library/Frameworks",
					"$(inherited)",
				);
				INFOPLIST_FILE = swiftDemoTests/Info.plist;
				LD_RUNPATH_SEARCH_PATHS = "$(inherited) @executable_path/Frameworks @loader_path/Frameworks";
				METAL_ENABLE_DEBUG_INFO = NO;
				PRODUCT_NAME = "$(TARGET_NAME)";
				TEST_HOST = "$(BUNDLE_LOADER)";
			};
			name = Release;
		};
/* End XCBuildConfiguration section */

/* Begin XCConfigurationList section */
		619F13C519517A1B000E0514 /* Build configuration list for PBXProject "swiftDemo" */ = {
			isa = XCConfigurationList;
			buildConfigurations = (
				619F13DF19517A1B000E0514 /* Debug */,
				619F13E019517A1B000E0514 /* Release */,
			);
			defaultConfigurationIsVisible = 0;
			defaultConfigurationName = Release;
		};
		619F13E119517A1B000E0514 /* Build configuration list for PBXNativeTarget "swiftDemo" */ = {
			isa = XCConfigurationList;
			buildConfigurations = (
				619F13E219517A1B000E0514 /* Debug */,
				619F13E319517A1B000E0514 /* Release */,
			);
			defaultConfigurationIsVisible = 0;
			defaultConfigurationName = Release;
		};
		619F13E419517A1B000E0514 /* Build configuration list for PBXNativeTarget "swiftDemoTests" */ = {
			isa = XCConfigurationList;
			buildConfigurations = (
				619F13E519517A1B000E0514 /* Debug */,
				619F13E619517A1B000E0514 /* Release */,
			);
			defaultConfigurationIsVisible = 0;
			defaultConfigurationName = Release;
		};
/* End XCConfigurationList section */
	};
	rootObject = 619F13C219517A1B000E0514 /* Project object */;
}
